
Microsoft Visual Studio Solution File, Format Version 12.00
# Visual Studio Version 16
VisualStudioVersion = 16.0.31402.337
MinimumVisualStudioVersion = 10.0.40219.1
Project("{9A19103F-16F7-4668-BE54-9A1E7A4F7556}") = "K2_Betterware_Schedule_Assistance.Api", "K2_Betterware_Schedule_Assistance.Api\K2_Betterware_Schedule_Assistance.Api.csproj", "{77307A24-F791-4E9F-AA76-AF3D5AEB777B}"
EndProject
Project("{FAE04EC0-301F-11D3-BF4B-00C04F79EFBC}") = "K2_Betterware_Schedule_Assistance.Infraestructure", "K2_Betterware_Schedule_Assistance.Infraestructure\K2_Betterware_Schedule_Assistance.Infraestructure.csproj", "{AFF513BE-0934-48F3-97D2-7CF21F8BA101}"
EndProject
Project("{FAE04EC0-301F-11D3-BF4B-00C04F79EFBC}") = "K2_Betterware_Schedule_Assistance.Core", "K2_Betterware_Schedule_Assistance.Core\K2_Betterware_Schedule_Assistance.Core.csproj", "{8E8E77DE-AF75-439B-B2C3-0BC899F4F406}"
EndProject
Global
	GlobalSection(SolutionConfigurationPlatforms) = preSolution
		Debug|Any CPU = Debug|Any CPU
		Release|Any CPU = Release|Any CPU
	EndGlobalSection
	GlobalSection(ProjectConfigurationPlatforms) = postSolution
		{77307A24-F791-4E9F-AA76-AF3D5AEB777B}.Debug|Any CPU.ActiveCfg = Debug|Any CPU
		{77307A24-F791-4E9F-AA76-AF3D5AEB777B}.Debug|Any CPU.Build.0 = Debug|Any CPU
		{77307A24-F791-4E9F-AA76-AF3D5AEB777B}.Release|Any CPU.ActiveCfg = Release|Any CPU
		{77307A24-F791-4E9F-AA76-AF3D5AEB777B}.Release|Any CPU.Build.0 = Release|Any CPU
		{AFF513BE-0934-48F3-97D2-7CF21F8BA101}.Debug|Any CPU.ActiveCfg = Debug|Any CPU
		{AFF513BE-0934-48F3-97D2-7CF21F8BA101}.Debug|Any CPU.Build.0 = Debug|Any CPU
		{AFF513BE-0934-48F3-97D2-7CF21F8BA101}.Release|Any CPU.ActiveCfg = Release|Any CPU
		{AFF513BE-0934-48F3-97D2-7CF21F8BA101}.Release|Any CPU.Build.0 = Release|Any CPU
		{8E8E77DE-AF75-439B-B2C3-0BC899F4F406}.Debug|Any CPU.ActiveCfg = Debug|Any CPU
		{8E8E77DE-AF75-439B-B2C3-0BC899F4F406}.Debug|Any CPU.Build.0 = Debug|Any CPU
		{8E8E77DE-AF75-439B-B2C3-0BC899F4F406}.Release|Any CPU.ActiveCfg = Release|Any CPU
		{8E8E77DE-AF75-439B-B2C3-0BC899F4F406}.Release|Any CPU.Build.0 = Release|Any CPU
	EndGlobalSection
	GlobalSection(SolutionProperties) = preSolution
		HideSolutionNode = FALSE
	EndGlobalSection
	GlobalSection(ExtensibilityGlobals) = postSolution
		SolutionGuid = {19C37E6B-AC34-4688-A688-47441119D469}
	EndGlobalSection
EndGlobal
