
Microsoft Visual Studio Solution File, Format Version 12.00
# Visual Studio Version 16
VisualStudioVersion = 16.0.31129.286
MinimumVisualStudioVersion = 10.0.40219.1
Project("{FAE04EC0-301F-11D3-BF4B-00C04F79EFBC}") = "K2_betterware_Biostart_Assistance.Api", "K2_betterware_Biostart_Assistance.Api\K2_betterware_Biostart_Assistance.Api.csproj", "{5179CD19-DCB6-446F-AAF6-8114A95C26E5}"
EndProject
Project("{FAE04EC0-301F-11D3-BF4B-00C04F79EFBC}") = "K2_betterware_Biostart_Assistance.Core", "K2_betterware_Biostart_Assistance.Core\K2_betterware_Biostart_Assistance.Core.csproj", "{4419011C-5A48-4A19-B4EC-8503AF8BEC65}"
EndProject
Project("{FAE04EC0-301F-11D3-BF4B-00C04F79EFBC}") = "K2_betterware_Biostart_Assistance.Infraestructure", "K2_betterware_Biostart_Assistance.Infraestructure\K2_betterware_Biostart_Assistance.Infraestructure.csproj", "{C40503AC-D26C-4264-B38A-631F857708A6}"
EndProject
Global
	GlobalSection(SolutionConfigurationPlatforms) = preSolution
		Debug|Any CPU = Debug|Any CPU
		Release|Any CPU = Release|Any CPU
	EndGlobalSection
	GlobalSection(ProjectConfigurationPlatforms) = postSolution
		{5179CD19-DCB6-446F-AAF6-8114A95C26E5}.Debug|Any CPU.ActiveCfg = Debug|Any CPU
		{5179CD19-DCB6-446F-AAF6-8114A95C26E5}.Debug|Any CPU.Build.0 = Debug|Any CPU
		{5179CD19-DCB6-446F-AAF6-8114A95C26E5}.Release|Any CPU.ActiveCfg = Release|Any CPU
		{5179CD19-DCB6-446F-AAF6-8114A95C26E5}.Release|Any CPU.Build.0 = Release|Any CPU
		{4419011C-5A48-4A19-B4EC-8503AF8BEC65}.Debug|Any CPU.ActiveCfg = Debug|Any CPU
		{4419011C-5A48-4A19-B4EC-8503AF8BEC65}.Debug|Any CPU.Build.0 = Debug|Any CPU
		{4419011C-5A48-4A19-B4EC-8503AF8BEC65}.Release|Any CPU.ActiveCfg = Release|Any CPU
		{4419011C-5A48-4A19-B4EC-8503AF8BEC65}.Release|Any CPU.Build.0 = Release|Any CPU
		{C40503AC-D26C-4264-B38A-631F857708A6}.Debug|Any CPU.ActiveCfg = Debug|Any CPU
		{C40503AC-D26C-4264-B38A-631F857708A6}.Debug|Any CPU.Build.0 = Debug|Any CPU
		{C40503AC-D26C-4264-B38A-631F857708A6}.Release|Any CPU.ActiveCfg = Release|Any CPU
		{C40503AC-D26C-4264-B38A-631F857708A6}.Release|Any CPU.Build.0 = Release|Any CPU
	EndGlobalSection
	GlobalSection(SolutionProperties) = preSolution
		HideSolutionNode = FALSE
	EndGlobalSection
	GlobalSection(ExtensibilityGlobals) = postSolution
		SolutionGuid = {90253EE0-DBDD-4F0C-AAFB-808E0A95F89D}
	EndGlobalSection
EndGlobal
